
Microsoft Visual Studio Solution File, Format Version 12.00
# Visual Studio Version 16
VisualStudioVersion = 16.0.32228.343
MinimumVisualStudioVersion = 10.0.40219.1
Project("{FAE04EC0-301F-11D3-BF4B-00C04F79EFBC}") = "Mbiza.Pokedex.Web", "Mbiza.Pokedex.Web.csproj", "{438A1F5B-F0D8-4231-BDD6-F9EF5D700F88}"
EndProject
Project("{E53339B2-1760-4266-BCC7-CA923CBCF16C}") = "docker-compose", "docker-compose.dcproj", "{693A3293-D1B8-4806-B34E-C66A5BFE3E5C}"
EndProject
Global
	GlobalSection(SolutionConfigurationPlatforms) = preSolution
		Debug|Any CPU = Debug|Any CPU
		Release|Any CPU = Release|Any CPU
	EndGlobalSection
	GlobalSection(ProjectConfigurationPlatforms) = postSolution
		{438A1F5B-F0D8-4231-BDD6-F9EF5D700F88}.Debug|Any CPU.ActiveCfg = Debug|Any CPU
		{438A1F5B-F0D8-4231-BDD6-F9EF5D700F88}.Debug|Any CPU.Build.0 = Debug|Any CPU
		{438A1F5B-F0D8-4231-BDD6-F9EF5D700F88}.Release|Any CPU.ActiveCfg = Release|Any CPU
		{438A1F5B-F0D8-4231-BDD6-F9EF5D700F88}.Release|Any CPU.Build.0 = Release|Any CPU
		{693A3293-D1B8-4806-B34E-C66A5BFE3E5C}.Debug|Any CPU.ActiveCfg = Debug|Any CPU
		{693A3293-D1B8-4806-B34E-C66A5BFE3E5C}.Debug|Any CPU.Build.0 = Debug|Any CPU
		{693A3293-D1B8-4806-B34E-C66A5BFE3E5C}.Release|Any CPU.ActiveCfg = Release|Any CPU
		{693A3293-D1B8-4806-B34E-C66A5BFE3E5C}.Release|Any CPU.Build.0 = Release|Any CPU
	EndGlobalSection
	GlobalSection(SolutionProperties) = preSolution
		HideSolutionNode = FALSE
	EndGlobalSection
	GlobalSection(ExtensibilityGlobals) = postSolution
		SolutionGuid = {F13B38B8-C9AC-4FD3-92C9-49DC6A0331E4}
	EndGlobalSection
EndGlobal
